
Microsoft Visual Studio Solution File, Format Version 12.00
# Visual Studio 2012
Project("{FAE04EC0-301F-11D3-BF4B-00C04F79EFBC}") = "tabla del 1 al 12", "tabla del 1 al 12\tabla del 1 al 12.csproj", "{FA32F63F-2738-479F-99F8-8272FE796252}"
EndProject
Global
	GlobalSection(SolutionConfigurationPlatforms) = preSolution
		Debug|Any CPU = Debug|Any CPU
		Release|Any CPU = Release|Any CPU
	EndGlobalSection
	GlobalSection(ProjectConfigurationPlatforms) = postSolution
		{FA32F63F-2738-479F-99F8-8272FE796252}.Debug|Any CPU.ActiveCfg = Debug|Any CPU
		{FA32F63F-2738-479F-99F8-8272FE796252}.Debug|Any CPU.Build.0 = Debug|Any CPU
		{FA32F63F-2738-479F-99F8-8272FE796252}.Release|Any CPU.ActiveCfg = Release|Any CPU
		{FA32F63F-2738-479F-99F8-8272FE796252}.Release|Any CPU.Build.0 = Release|Any CPU
	EndGlobalSection
	GlobalSection(SolutionProperties) = preSolution
		HideSolutionNode = FALSE
	EndGlobalSection
EndGlobal
