
Microsoft Visual Studio Solution File, Format Version 12.00
# Visual Studio 2012
Project("{FAE04EC0-301F-11D3-BF4B-00C04F79EFBC}") = "Isoseles Escalenos Equilatero", "Isoseles Escalenos Equilatero\Isoseles Escalenos Equilatero.csproj", "{ADD70430-19BD-487F-9DBB-F11E631D3DAF}"
EndProject
Global
	GlobalSection(SolutionConfigurationPlatforms) = preSolution
		Debug|Any CPU = Debug|Any CPU
		Release|Any CPU = Release|Any CPU
	EndGlobalSection
	GlobalSection(ProjectConfigurationPlatforms) = postSolution
		{ADD70430-19BD-487F-9DBB-F11E631D3DAF}.Debug|Any CPU.ActiveCfg = Debug|Any CPU
		{ADD70430-19BD-487F-9DBB-F11E631D3DAF}.Debug|Any CPU.Build.0 = Debug|Any CPU
		{ADD70430-19BD-487F-9DBB-F11E631D3DAF}.Release|Any CPU.ActiveCfg = Release|Any CPU
		{ADD70430-19BD-487F-9DBB-F11E631D3DAF}.Release|Any CPU.Build.0 = Release|Any CPU
	EndGlobalSection
	GlobalSection(SolutionProperties) = preSolution
		HideSolutionNode = FALSE
	EndGlobalSection
EndGlobal
