
Microsoft Visual Studio Solution File, Format Version 12.00
# Visual Studio 2012
Project("{FAE04EC0-301F-11D3-BF4B-00C04F79EFBC}") = "Menus y subrutinas", "Menus y subrutinas\Menus y subrutinas.csproj", "{51985A66-C47B-4421-BA47-CA7A9B22E4A3}"
EndProject
Global
	GlobalSection(SolutionConfigurationPlatforms) = preSolution
		Debug|Any CPU = Debug|Any CPU
		Release|Any CPU = Release|Any CPU
	EndGlobalSection
	GlobalSection(ProjectConfigurationPlatforms) = postSolution
		{51985A66-C47B-4421-BA47-CA7A9B22E4A3}.Debug|Any CPU.ActiveCfg = Debug|Any CPU
		{51985A66-C47B-4421-BA47-CA7A9B22E4A3}.Debug|Any CPU.Build.0 = Debug|Any CPU
		{51985A66-C47B-4421-BA47-CA7A9B22E4A3}.Release|Any CPU.ActiveCfg = Release|Any CPU
		{51985A66-C47B-4421-BA47-CA7A9B22E4A3}.Release|Any CPU.Build.0 = Release|Any CPU
	EndGlobalSection
	GlobalSection(SolutionProperties) = preSolution
		HideSolutionNode = FALSE
	EndGlobalSection
EndGlobal
