
Microsoft Visual Studio Solution File, Format Version 12.00
# Visual Studio 2012
Project("{FAE04EC0-301F-11D3-BF4B-00C04F79EFBC}") = "Primer parcial hasta examen final", "Primer parcial hasta examen final\Primer parcial hasta examen final.csproj", "{AD820FFD-BD0D-4EC5-A7BC-76D775920EF3}"
EndProject
Global
	GlobalSection(SolutionConfigurationPlatforms) = preSolution
		Debug|Any CPU = Debug|Any CPU
		Release|Any CPU = Release|Any CPU
	EndGlobalSection
	GlobalSection(ProjectConfigurationPlatforms) = postSolution
		{AD820FFD-BD0D-4EC5-A7BC-76D775920EF3}.Debug|Any CPU.ActiveCfg = Debug|Any CPU
		{AD820FFD-BD0D-4EC5-A7BC-76D775920EF3}.Debug|Any CPU.Build.0 = Debug|Any CPU
		{AD820FFD-BD0D-4EC5-A7BC-76D775920EF3}.Release|Any CPU.ActiveCfg = Release|Any CPU
		{AD820FFD-BD0D-4EC5-A7BC-76D775920EF3}.Release|Any CPU.Build.0 = Release|Any CPU
	EndGlobalSection
	GlobalSection(SolutionProperties) = preSolution
		HideSolutionNode = FALSE
	EndGlobalSection
EndGlobal
