
Microsoft Visual Studio Solution File, Format Version 12.00
# Visual Studio 2012
Project("{FAE04EC0-301F-11D3-BF4B-00C04F79EFBC}") = "Parciales y calificaciones", "Parciales y calificaciones\Parciales y calificaciones.csproj", "{F8603530-2FE5-4F6B-8BBD-7C5C30D95609}"
EndProject
Global
	GlobalSection(SolutionConfigurationPlatforms) = preSolution
		Debug|Any CPU = Debug|Any CPU
		Release|Any CPU = Release|Any CPU
	EndGlobalSection
	GlobalSection(ProjectConfigurationPlatforms) = postSolution
		{F8603530-2FE5-4F6B-8BBD-7C5C30D95609}.Debug|Any CPU.ActiveCfg = Debug|Any CPU
		{F8603530-2FE5-4F6B-8BBD-7C5C30D95609}.Debug|Any CPU.Build.0 = Debug|Any CPU
		{F8603530-2FE5-4F6B-8BBD-7C5C30D95609}.Release|Any CPU.ActiveCfg = Release|Any CPU
		{F8603530-2FE5-4F6B-8BBD-7C5C30D95609}.Release|Any CPU.Build.0 = Release|Any CPU
	EndGlobalSection
	GlobalSection(SolutionProperties) = preSolution
		HideSolutionNode = FALSE
	EndGlobalSection
EndGlobal
