
Microsoft Visual Studio Solution File, Format Version 12.00
# Visual Studio 2012
Project("{FAE04EC0-301F-11D3-BF4B-00C04F79EFBC}") = "numeros pares del 2 al 10", "numeros pares del 2 al 10\numeros pares del 2 al 10.csproj", "{6AB32CCF-3634-43DD-8743-B1644866B535}"
EndProject
Global
	GlobalSection(SolutionConfigurationPlatforms) = preSolution
		Debug|Any CPU = Debug|Any CPU
		Release|Any CPU = Release|Any CPU
	EndGlobalSection
	GlobalSection(ProjectConfigurationPlatforms) = postSolution
		{6AB32CCF-3634-43DD-8743-B1644866B535}.Debug|Any CPU.ActiveCfg = Debug|Any CPU
		{6AB32CCF-3634-43DD-8743-B1644866B535}.Debug|Any CPU.Build.0 = Debug|Any CPU
		{6AB32CCF-3634-43DD-8743-B1644866B535}.Release|Any CPU.ActiveCfg = Release|Any CPU
		{6AB32CCF-3634-43DD-8743-B1644866B535}.Release|Any CPU.Build.0 = Release|Any CPU
	EndGlobalSection
	GlobalSection(SolutionProperties) = preSolution
		HideSolutionNode = FALSE
	EndGlobalSection
EndGlobal
