
Microsoft Visual Studio Solution File, Format Version 12.00
# Visual Studio 2012
Project("{FAE04EC0-301F-11D3-BF4B-00C04F79EFBC}") = "Aumento de sueldo", "Aumento de sueldo\Aumento de sueldo.csproj", "{89F9B87F-0BC9-42EB-ABC4-17E7F143FD51}"
EndProject
Global
	GlobalSection(SolutionConfigurationPlatforms) = preSolution
		Debug|Any CPU = Debug|Any CPU
		Release|Any CPU = Release|Any CPU
	EndGlobalSection
	GlobalSection(ProjectConfigurationPlatforms) = postSolution
		{89F9B87F-0BC9-42EB-ABC4-17E7F143FD51}.Debug|Any CPU.ActiveCfg = Debug|Any CPU
		{89F9B87F-0BC9-42EB-ABC4-17E7F143FD51}.Debug|Any CPU.Build.0 = Debug|Any CPU
		{89F9B87F-0BC9-42EB-ABC4-17E7F143FD51}.Release|Any CPU.ActiveCfg = Release|Any CPU
		{89F9B87F-0BC9-42EB-ABC4-17E7F143FD51}.Release|Any CPU.Build.0 = Release|Any CPU
	EndGlobalSection
	GlobalSection(SolutionProperties) = preSolution
		HideSolutionNode = FALSE
	EndGlobalSection
EndGlobal
