
Microsoft Visual Studio Solution File, Format Version 12.00
# Visual Studio 2012
Project("{FAE04EC0-301F-11D3-BF4B-00C04F79EFBC}") = "Hora extras 3", "Hora extras 3\Hora extras 3.csproj", "{6B0AA675-B0CA-49B9-B164-F484DBDF17FB}"
EndProject
Global
	GlobalSection(SolutionConfigurationPlatforms) = preSolution
		Debug|Any CPU = Debug|Any CPU
		Release|Any CPU = Release|Any CPU
	EndGlobalSection
	GlobalSection(ProjectConfigurationPlatforms) = postSolution
		{6B0AA675-B0CA-49B9-B164-F484DBDF17FB}.Debug|Any CPU.ActiveCfg = Debug|Any CPU
		{6B0AA675-B0CA-49B9-B164-F484DBDF17FB}.Debug|Any CPU.Build.0 = Debug|Any CPU
		{6B0AA675-B0CA-49B9-B164-F484DBDF17FB}.Release|Any CPU.ActiveCfg = Release|Any CPU
		{6B0AA675-B0CA-49B9-B164-F484DBDF17FB}.Release|Any CPU.Build.0 = Release|Any CPU
	EndGlobalSection
	GlobalSection(SolutionProperties) = preSolution
		HideSolutionNode = FALSE
	EndGlobalSection
EndGlobal
